// !$*UTF8*$!
{
	archiveVersion = 1;
	classes = {
	};
	objectVersion = 46;
	objects = {

/* Begin PBXBuildFile section */
		FB94FAC31E71D261009EBCDA /* AppDelegate.swift in Sources */ = {isa = PBXBuildFile; fileRef = FB94FAC21E71D261009EBCDA /* AppDelegate.swift */; };
		FB94FAC51E71D261009EBCDA /* ViewController.swift in Sources */ = {isa = PBXBuildFile; fileRef = FB94FAC41E71D261009EBCDA /* ViewController.swift */; };
		FB94FAC81E71D261009EBCDA /* Main.storyboard in Resources */ = {isa = PBXBuildFile; fileRef = FB94FAC61E71D261009EBCDA /* Main.storyboard */; };
		FB94FACA1E71D261009EBCDA /* Assets.xcassets in Resources */ = {isa = PBXBuildFile; fileRef = FB94FAC91E71D261009EBCDA /* Assets.xcassets */; };
		FB94FACD1E71D261009EBCDA /* LaunchScreen.storyboard in Resources */ = {isa = PBXBuildFile; fileRef = FB94FACB1E71D261009EBCDA /* LaunchScreen.storyboard */; };
		FB94FAD71E71D3E0009EBCDA /* TableViewController.swift in Sources */ = {isa = PBXBuildFile; fileRef = FB94FAD61E71D3E0009EBCDA /* TableViewController.swift */; };
/* End PBXBuildFile section */

/* Begin PBXFileReference section */
		FB94FABF1E71D261009EBCDA /* Ejercicio de Persistencia.app */ = {isa = PBXFileReference; explicitFileType = wrapper.application; includeInIndex = 0; path = "Ejercicio de Persistencia.app"; sourceTree = BUILT_PRODUCTS_DIR; };
		FB94FAC21E71D261009EBCDA /* AppDelegate.swift */ = {isa = PBXFileReference; lastKnownFileType = sourcecode.swift; path = AppDelegate.swift; sourceTree = "<group>"; };
		FB94FAC41E71D261009EBCDA /* ViewController.swift */ = {isa = PBXFileReference; lastKnownFileType = sourcecode.swift; path = ViewController.swift; sourceTree = "<group>"; };
		FB94FAC71E71D261009EBCDA /* Base */ = {isa = PBXFileReference; lastKnownFileType = file.storyboard; name = Base; path = Base.lproj/Main.storyboard; sourceTree = "<group>"; };
		FB94FAC91E71D261009EBCDA /* Assets.xcassets */ = {isa = PBXFileReference; lastKnownFileType = folder.assetcatalog; path = Assets.xcassets; sourceTree = "<group>"; };
		FB94FACC1E71D261009EBCDA /* Base */ = {isa = PBXFileReference; lastKnownFileType = file.storyboard; name = Base; path = Base.lproj/LaunchScreen.storyboard; sourceTree = "<group>"; };
		FB94FACE1E71D261009EBCDA /* Info.plist */ = {isa = PBXFileReference; lastKnownFileType = text.plist.xml; path = Info.plist; sourceTree = "<group>"; };
		FB94FAD61E71D3E0009EBCDA /* TableViewController.swift */ = {isa = PBXFileReference; fileEncoding = 4; lastKnownFileType = sourcecode.swift; path = TableViewController.swift; sourceTree = "<group>"; };
/* End PBXFileReference section */

/* Begin PBXFrameworksBuildPhase section */
		FB94FABC1E71D260009EBCDA /* Frameworks */ = {
			isa = PBXFrameworksBuildPhase;
			buildActionMask = 2147483647;
			files = (
			);
			runOnlyForDeploymentPostprocessing = 0;
		};
/* End PBXFrameworksBuildPhase section */

/* Begin PBXGroup section */
		FB94FAB61E71D260009EBCDA = {
			isa = PBXGroup;
			children = (
				FB94FAC11E71D261009EBCDA /* Ejercicio de Persistencia */,
				FB94FAC01E71D261009EBCDA /* Products */,
			);
			sourceTree = "<group>";
		};
		FB94FAC01E71D261009EBCDA /* Products */ = {
			isa = PBXGroup;
			children = (
				FB94FABF1E71D261009EBCDA /* Ejercicio de Persistencia.app */,
			);
			name = Products;
			sourceTree = "<group>";
		};
		FB94FAC11E71D261009EBCDA /* Ejercicio de Persistencia */ = {
			isa = PBXGroup;
			children = (
				FB94FAC21E71D261009EBCDA /* AppDelegate.swift */,
				FB94FAC41E71D261009EBCDA /* ViewController.swift */,
				FB94FAD61E71D3E0009EBCDA /* TableViewController.swift */,
				FB94FAC61E71D261009EBCDA /* Main.storyboard */,
				FB94FAC91E71D261009EBCDA /* Assets.xcassets */,
				FB94FACB1E71D261009EBCDA /* LaunchScreen.storyboard */,
				FB94FACE1E71D261009EBCDA /* Info.plist */,
			);
			path = "Ejercicio de Persistencia";
			sourceTree = "<group>";
		};
/* End PBXGroup section */

/* Begin PBXNativeTarget section */
		FB94FABE1E71D260009EBCDA /* Ejercicio de Persistencia */ = {
			isa = PBXNativeTarget;
			buildConfigurationList = FB94FAD11E71D261009EBCDA /* Build configuration list for PBXNativeTarget "Ejercicio de Persistencia" */;
			buildPhases = (
				FB94FABB1E71D260009EBCDA /* Sources */,
				FB94FABC1E71D260009EBCDA /* Frameworks */,
				FB94FABD1E71D260009EBCDA /* Resources */,
			);
			buildRules = (
			);
			dependencies = (
			);
			name = "Ejercicio de Persistencia";
			productName = "Ejercicio de Persistencia";
			productReference = FB94FABF1E71D261009EBCDA /* Ejercicio de Persistencia.app */;
			productType = "com.apple.product-type.application";
		};
/* End PBXNativeTarget section */

/* Begin PBXProject section */
		FB94FAB71E71D260009EBCDA /* Project object */ = {
			isa = PBXProject;
			attributes = {
				LastSwiftUpdateCheck = 0820;
				LastUpgradeCheck = 0820;
				ORGANIZATIONNAME = "Juan Luis Flores";
				TargetAttributes = {
					FB94FABE1E71D260009EBCDA = {
						CreatedOnToolsVersion = 8.2;
						ProvisioningStyle = Automatic;
					};
				};
			};
			buildConfigurationList = FB94FABA1E71D260009EBCDA /* Build configuration list for PBXProject "Ejercicio de Persistencia" */;
			compatibilityVersion = "Xcode 3.2";
			developmentRegion = English;
			hasScannedForEncodings = 0;
			knownRegions = (
				en,
				Base,
			);
			mainGroup = FB94FAB61E71D260009EBCDA;
			productRefGroup = FB94FAC01E71D261009EBCDA /* Products */;
			projectDirPath = "";
			projectRoot = "";
			targets = (
				FB94FABE1E71D260009EBCDA /* Ejercicio de Persistencia */,
			);
		};
/* End PBXProject section */

/* Begin PBXResourcesBuildPhase section */
		FB94FABD1E71D260009EBCDA /* Resources */ = {
			isa = PBXResourcesBuildPhase;
			buildActionMask = 2147483647;
			files = (
				FB94FACD1E71D261009EBCDA /* LaunchScreen.storyboard in Resources */,
				FB94FACA1E71D261009EBCDA /* Assets.xcassets in Resources */,
				FB94FAC81E71D261009EBCDA /* Main.storyboard in Resources */,
			);
			runOnlyForDeploymentPostprocessing = 0;
		};
/* End PBXResourcesBuildPhase section */

/* Begin PBXSourcesBuildPhase section */
		FB94FABB1E71D260009EBCDA /* Sources */ = {
			isa = PBXSourcesBuildPhase;
			buildActionMask = 2147483647;
			files = (
				FB94FAC51E71D261009EBCDA /* ViewController.swift in Sources */,
				FB94FAD71E71D3E0009EBCDA /* TableViewController.swift in Sources */,
				FB94FAC31E71D261009EBCDA /* AppDelegate.swift in Sources */,
			);
			runOnlyForDeploymentPostprocessing = 0;
		};
/* End PBXSourcesBuildPhase section */

/* Begin PBXVariantGroup section */
		FB94FAC61E71D261009EBCDA /* Main.storyboard */ = {
			isa = PBXVariantGroup;
			children = (
				FB94FAC71E71D261009EBCDA /* Base */,
			);
			name = Main.storyboard;
			sourceTree = "<group>";
		};
		FB94FACB1E71D261009EBCDA /* LaunchScreen.storyboard */ = {
			isa = PBXVariantGroup;
			children = (
				FB94FACC1E71D261009EBCDA /* Base */,
			);
			name = LaunchScreen.storyboard;
			sourceTree = "<group>";
		};
/* End PBXVariantGroup section */

/* Begin XCBuildConfiguration section */
		FB94FACF1E71D261009EBCDA /* Debug */ = {
			isa = XCBuildConfiguration;
			buildSettings = {
				ALWAYS_SEARCH_USER_PATHS = NO;
				CLANG_ANALYZER_NONNULL = YES;
				CLANG_CXX_LANGUAGE_STANDARD = "gnu++0x";
				CLANG_CXX_LIBRARY = "libc++";
				CLANG_ENABLE_MODULES = YES;
				CLANG_ENABLE_OBJC_ARC = YES;
				CLANG_WARN_BOOL_CONVERSION = YES;
				CLANG_WARN_CONSTANT_CONVERSION = YES;
				CLANG_WARN_DIRECT_OBJC_ISA_USAGE = YES_ERROR;
				CLANG_WARN_DOCUMENTATION_COMMENTS = YES;
				CLANG_WARN_EMPTY_BODY = YES;
				CLANG_WARN_ENUM_CONVERSION = YES;
				CLANG_WARN_INFINITE_RECURSION = YES;
				CLANG_WARN_INT_CONVERSION = YES;
				CLANG_WARN_OBJC_ROOT_CLASS = YES_ERROR;
				CLANG_WARN_SUSPICIOUS_MOVE = YES;
				CLANG_WARN_UNREACHABLE_CODE = YES;
				CLANG_WARN__DUPLICATE_METHOD_MATCH = YES;
				"CODE_SIGN_IDENTITY[sdk=iphoneos*]" = "iPhone Developer";
				COPY_PHASE_STRIP = NO;
				DEBUG_INFORMATION_FORMAT = dwarf;
				ENABLE_STRICT_OBJC_MSGSEND = YES;
				ENABLE_TESTABILITY = YES;
				GCC_C_LANGUAGE_STANDARD = gnu99;
				GCC_DYNAMIC_NO_PIC = NO;
				GCC_NO_COMMON_BLOCKS = YES;
				GCC_OPTIMIZATION_LEVEL = 0;
				GCC_PREPROCESSOR_DEFINITIONS = (
					"DEBUG=1",
					"$(inherited)",
				);
				GCC_WARN_64_TO_32_BIT_CONVERSION = YES;
				GCC_WARN_ABOUT_RETURN_TYPE = YES_ERROR;
				GCC_WARN_UNDECLARED_SELECTOR = YES;
				GCC_WARN_UNINITIALIZED_AUTOS = YES_AGGRESSIVE;
				GCC_WARN_UNUSED_FUNCTION = YES;
				GCC_WARN_UNUSED_VARIABLE = YES;
				IPHONEOS_DEPLOYMENT_TARGET = 10.2;
				MTL_ENABLE_DEBUG_INFO = YES;
				ONLY_ACTIVE_ARCH = YES;
				SDKROOT = iphoneos;
				SWIFT_ACTIVE_COMPILATION_CONDITIONS = DEBUG;
				SWIFT_OPTIMIZATION_LEVEL = "-Onone";
			};
			name = Debug;
		};
		FB94FAD01E71D261009EBCDA /* Release */ = {
			isa = XCBuildConfiguration;
			buildSettings = {
				ALWAYS_SEARCH_USER_PATHS = NO;
				CLANG_ANALYZER_NONNULL = YES;
				CLANG_CXX_LANGUAGE_STANDARD = "gnu++0x";
				CLANG_CXX_LIBRARY = "libc++";
				CLANG_ENABLE_MODULES = YES;
				CLANG_ENABLE_OBJC_ARC = YES;
				CLANG_WARN_BOOL_CONVERSION = YES;
				CLANG_WARN_CONSTANT_CONVERSION = YES;
				CLANG_WARN_DIRECT_OBJC_ISA_USAGE = YES_ERROR;
				CLANG_WARN_DOCUMENTATION_COMMENTS = YES;
				CLANG_WARN_EMPTY_BODY = YES;
				CLANG_WARN_ENUM_CONVERSION = YES;
				CLANG_WARN_INFINITE_RECURSION = YES;
				CLANG_WARN_INT_CONVERSION = YES;
				CLANG_WARN_OBJC_ROOT_CLASS = YES_ERROR;
				CLANG_WARN_SUSPICIOUS_MOVE = YES;
				CLANG_WARN_UNREACHABLE_CODE = YES;
				CLANG_WARN__DUPLICATE_METHOD_MATCH = YES;
				"CODE_SIGN_IDENTITY[sdk=iphoneos*]" = "iPhone Developer";
				COPY_PHASE_STRIP = NO;
				DEBUG_INFORMATION_FORMAT = "dwarf-with-dsym";
				ENABLE_NS_ASSERTIONS = NO;
				ENABLE_STRICT_OBJC_MSGSEND = YES;
				GCC_C_LANGUAGE_STANDARD = gnu99;
				GCC_NO_COMMON_BLOCKS = YES;
				GCC_WARN_64_TO_32_BIT_CONVERSION = YES;
				GCC_WARN_ABOUT_RETURN_TYPE = YES_ERROR;
				GCC_WARN_UNDECLARED_SELECTOR = YES;
				GCC_WARN_UNINITIALIZED_AUTOS = YES_AGGRESSIVE;
				GCC_WARN_UNUSED_FUNCTION = YES;
				GCC_WARN_UNUSED_VARIABLE = YES;
				IPHONEOS_DEPLOYMENT_TARGET = 10.2;
				MTL_ENABLE_DEBUG_INFO = NO;
				SDKROOT = iphoneos;
				SWIFT_OPTIMIZATION_LEVEL = "-Owholemodule";
				VALIDATE_PRODUCT = YES;
			};
			name = Release;
		};
		FB94FAD21E71D261009EBCDA /* Debug */ = {
			isa = XCBuildConfiguration;
			buildSettings = {
				ASSETCATALOG_COMPILER_APPICON_NAME = AppIcon;
				INFOPLIST_FILE = "Ejercicio de Persistencia/Info.plist";
				LD_RUNPATH_SEARCH_PATHS = "$(inherited) @executable_path/Frameworks";
				PRODUCT_BUNDLE_IDENTIFIER = "Juan-Luis-Flores.Ejercicio-de-Persistencia";
				PRODUCT_NAME = "$(TARGET_NAME)";
				SWIFT_VERSION = 3.0;
			};
			name = Debug;
		};
		FB94FAD31E71D261009EBCDA /* Release */ = {
			isa = XCBuildConfiguration;
			buildSettings = {
				ASSETCATALOG_COMPILER_APPICON_NAME = AppIcon;
				INFOPLIST_FILE = "Ejercicio de Persistencia/Info.plist";
				LD_RUNPATH_SEARCH_PATHS = "$(inherited) @executable_path/Frameworks";
				PRODUCT_BUNDLE_IDENTIFIER = "Juan-Luis-Flores.Ejercicio-de-Persistencia";
				PRODUCT_NAME = "$(TARGET_NAME)";
				SWIFT_VERSION = 3.0;
			};
			name = Release;
		};
/* End XCBuildConfiguration section */

/* Begin XCConfigurationList section */
		FB94FABA1E71D260009EBCDA /* Build configuration list for PBXProject "Ejercicio de Persistencia" */ = {
			isa = XCConfigurationList;
			buildConfigurations = (
				FB94FACF1E71D261009EBCDA /* Debug */,
				FB94FAD01E71D261009EBCDA /* Release */,
			);
			defaultConfigurationIsVisible = 0;
			defaultConfigurationName = Release;
		};
		FB94FAD11E71D261009EBCDA /* Build configuration list for PBXNativeTarget "Ejercicio de Persistencia" */ = {
			isa = XCConfigurationList;
			buildConfigurations = (
				FB94FAD21E71D261009EBCDA /* Debug */,
				FB94FAD31E71D261009EBCDA /* Release */,
			);
			defaultConfigurationIsVisible = 0;
		};
/* End XCConfigurationList section */
	};
	rootObject = FB94FAB71E71D260009EBCDA /* Project object */;
}
