// !$*UTF8*$!
{
	archiveVersion = 1;
	classes = {
	};
	objectVersion = 46;
	objects = {

/* Begin PBXBuildFile section */
		07DB1E4D1E65F93300FE7617 /* AppDelegate.swift in Sources */ = {isa = PBXBuildFile; fileRef = 07DB1E4C1E65F93300FE7617 /* AppDelegate.swift */; };
		07DB1E4F1E65F93300FE7617 /* ViewController.swift in Sources */ = {isa = PBXBuildFile; fileRef = 07DB1E4E1E65F93300FE7617 /* ViewController.swift */; };
		07DB1E521E65F93300FE7617 /* Main.storyboard in Resources */ = {isa = PBXBuildFile; fileRef = 07DB1E501E65F93300FE7617 /* Main.storyboard */; };
		07DB1E541E65F93300FE7617 /* Assets.xcassets in Resources */ = {isa = PBXBuildFile; fileRef = 07DB1E531E65F93300FE7617 /* Assets.xcassets */; };
		07DB1E571E65F93300FE7617 /* LaunchScreen.storyboard in Resources */ = {isa = PBXBuildFile; fileRef = 07DB1E551E65F93300FE7617 /* LaunchScreen.storyboard */; };
/* End PBXBuildFile section */

/* Begin PBXFileReference section */
		07DB1E491E65F93300FE7617 /* CeldasEstaticas.app */ = {isa = PBXFileReference; explicitFileType = wrapper.application; includeInIndex = 0; path = CeldasEstaticas.app; sourceTree = BUILT_PRODUCTS_DIR; };
		07DB1E4C1E65F93300FE7617 /* AppDelegate.swift */ = {isa = PBXFileReference; lastKnownFileType = sourcecode.swift; path = AppDelegate.swift; sourceTree = "<group>"; };
		07DB1E4E1E65F93300FE7617 /* ViewController.swift */ = {isa = PBXFileReference; lastKnownFileType = sourcecode.swift; path = ViewController.swift; sourceTree = "<group>"; };
		07DB1E511E65F93300FE7617 /* Base */ = {isa = PBXFileReference; lastKnownFileType = file.storyboard; name = Base; path = Base.lproj/Main.storyboard; sourceTree = "<group>"; };
		07DB1E531E65F93300FE7617 /* Assets.xcassets */ = {isa = PBXFileReference; lastKnownFileType = folder.assetcatalog; path = Assets.xcassets; sourceTree = "<group>"; };
		07DB1E561E65F93300FE7617 /* Base */ = {isa = PBXFileReference; lastKnownFileType = file.storyboard; name = Base; path = Base.lproj/LaunchScreen.storyboard; sourceTree = "<group>"; };
		07DB1E581E65F93300FE7617 /* Info.plist */ = {isa = PBXFileReference; lastKnownFileType = text.plist.xml; path = Info.plist; sourceTree = "<group>"; };
/* End PBXFileReference section */

/* Begin PBXFrameworksBuildPhase section */
		07DB1E461E65F93300FE7617 /* Frameworks */ = {
			isa = PBXFrameworksBuildPhase;
			buildActionMask = 2147483647;
			files = (
			);
			runOnlyForDeploymentPostprocessing = 0;
		};
/* End PBXFrameworksBuildPhase section */

/* Begin PBXGroup section */
		07DB1E401E65F93300FE7617 = {
			isa = PBXGroup;
			children = (
				07DB1E4B1E65F93300FE7617 /* CeldasEstaticas */,
				07DB1E4A1E65F93300FE7617 /* Products */,
			);
			sourceTree = "<group>";
		};
		07DB1E4A1E65F93300FE7617 /* Products */ = {
			isa = PBXGroup;
			children = (
				07DB1E491E65F93300FE7617 /* CeldasEstaticas.app */,
			);
			name = Products;
			sourceTree = "<group>";
		};
		07DB1E4B1E65F93300FE7617 /* CeldasEstaticas */ = {
			isa = PBXGroup;
			children = (
				07DB1E4C1E65F93300FE7617 /* AppDelegate.swift */,
				07DB1E4E1E65F93300FE7617 /* ViewController.swift */,
				07DB1E501E65F93300FE7617 /* Main.storyboard */,
				07DB1E531E65F93300FE7617 /* Assets.xcassets */,
				07DB1E551E65F93300FE7617 /* LaunchScreen.storyboard */,
				07DB1E581E65F93300FE7617 /* Info.plist */,
			);
			path = CeldasEstaticas;
			sourceTree = "<group>";
		};
/* End PBXGroup section */

/* Begin PBXNativeTarget section */
		07DB1E481E65F93300FE7617 /* CeldasEstaticas */ = {
			isa = PBXNativeTarget;
			buildConfigurationList = 07DB1E5B1E65F93300FE7617 /* Build configuration list for PBXNativeTarget "CeldasEstaticas" */;
			buildPhases = (
				07DB1E451E65F93300FE7617 /* Sources */,
				07DB1E461E65F93300FE7617 /* Frameworks */,
				07DB1E471E65F93300FE7617 /* Resources */,
			);
			buildRules = (
			);
			dependencies = (
			);
			name = CeldasEstaticas;
			productName = CeldasEstaticas;
			productReference = 07DB1E491E65F93300FE7617 /* CeldasEstaticas.app */;
			productType = "com.apple.product-type.application";
		};
/* End PBXNativeTarget section */

/* Begin PBXProject section */
		07DB1E411E65F93300FE7617 /* Project object */ = {
			isa = PBXProject;
			attributes = {
				LastSwiftUpdateCheck = 0820;
				LastUpgradeCheck = 0820;
				ORGANIZATIONNAME = "Juan Luis Flores ";
				TargetAttributes = {
					07DB1E481E65F93300FE7617 = {
						CreatedOnToolsVersion = 8.2.1;
						DevelopmentTeam = BTYZV2LTNZ;
						ProvisioningStyle = Automatic;
					};
				};
			};
			buildConfigurationList = 07DB1E441E65F93300FE7617 /* Build configuration list for PBXProject "CeldasEstaticas" */;
			compatibilityVersion = "Xcode 3.2";
			developmentRegion = English;
			hasScannedForEncodings = 0;
			knownRegions = (
				en,
				Base,
			);
			mainGroup = 07DB1E401E65F93300FE7617;
			productRefGroup = 07DB1E4A1E65F93300FE7617 /* Products */;
			projectDirPath = "";
			projectRoot = "";
			targets = (
				07DB1E481E65F93300FE7617 /* CeldasEstaticas */,
			);
		};
/* End PBXProject section */

/* Begin PBXResourcesBuildPhase section */
		07DB1E471E65F93300FE7617 /* Resources */ = {
			isa = PBXResourcesBuildPhase;
			buildActionMask = 2147483647;
			files = (
				07DB1E571E65F93300FE7617 /* LaunchScreen.storyboard in Resources */,
				07DB1E541E65F93300FE7617 /* Assets.xcassets in Resources */,
				07DB1E521E65F93300FE7617 /* Main.storyboard in Resources */,
			);
			runOnlyForDeploymentPostprocessing = 0;
		};
/* End PBXResourcesBuildPhase section */

/* Begin PBXSourcesBuildPhase section */
		07DB1E451E65F93300FE7617 /* Sources */ = {
			isa = PBXSourcesBuildPhase;
			buildActionMask = 2147483647;
			files = (
				07DB1E4F1E65F93300FE7617 /* ViewController.swift in Sources */,
				07DB1E4D1E65F93300FE7617 /* AppDelegate.swift in Sources */,
			);
			runOnlyForDeploymentPostprocessing = 0;
		};
/* End PBXSourcesBuildPhase section */

/* Begin PBXVariantGroup section */
		07DB1E501E65F93300FE7617 /* Main.storyboard */ = {
			isa = PBXVariantGroup;
			children = (
				07DB1E511E65F93300FE7617 /* Base */,
			);
			name = Main.storyboard;
			sourceTree = "<group>";
		};
		07DB1E551E65F93300FE7617 /* LaunchScreen.storyboard */ = {
			isa = PBXVariantGroup;
			children = (
				07DB1E561E65F93300FE7617 /* Base */,
			);
			name = LaunchScreen.storyboard;
			sourceTree = "<group>";
		};
/* End PBXVariantGroup section */

/* Begin XCBuildConfiguration section */
		07DB1E591E65F93300FE7617 /* Debug */ = {
			isa = XCBuildConfiguration;
			buildSettings = {
				ALWAYS_SEARCH_USER_PATHS = NO;
				CLANG_ANALYZER_NONNULL = YES;
				CLANG_CXX_LANGUAGE_STANDARD = "gnu++0x";
				CLANG_CXX_LIBRARY = "libc++";
				CLANG_ENABLE_MODULES = YES;
				CLANG_ENABLE_OBJC_ARC = YES;
				CLANG_WARN_BOOL_CONVERSION = YES;
				CLANG_WARN_CONSTANT_CONVERSION = YES;
				CLANG_WARN_DIRECT_OBJC_ISA_USAGE = YES_ERROR;
				CLANG_WARN_DOCUMENTATION_COMMENTS = YES;
				CLANG_WARN_EMPTY_BODY = YES;
				CLANG_WARN_ENUM_CONVERSION = YES;
				CLANG_WARN_INFINITE_RECURSION = YES;
				CLANG_WARN_INT_CONVERSION = YES;
				CLANG_WARN_OBJC_ROOT_CLASS = YES_ERROR;
				CLANG_WARN_SUSPICIOUS_MOVE = YES;
				CLANG_WARN_UNREACHABLE_CODE = YES;
				CLANG_WARN__DUPLICATE_METHOD_MATCH = YES;
				"CODE_SIGN_IDENTITY[sdk=iphoneos*]" = "iPhone Developer";
				COPY_PHASE_STRIP = NO;
				DEBUG_INFORMATION_FORMAT = dwarf;
				ENABLE_STRICT_OBJC_MSGSEND = YES;
				ENABLE_TESTABILITY = YES;
				GCC_C_LANGUAGE_STANDARD = gnu99;
				GCC_DYNAMIC_NO_PIC = NO;
				GCC_NO_COMMON_BLOCKS = YES;
				GCC_OPTIMIZATION_LEVEL = 0;
				GCC_PREPROCESSOR_DEFINITIONS = (
					"DEBUG=1",
					"$(inherited)",
				);
				GCC_WARN_64_TO_32_BIT_CONVERSION = YES;
				GCC_WARN_ABOUT_RETURN_TYPE = YES_ERROR;
				GCC_WARN_UNDECLARED_SELECTOR = YES;
				GCC_WARN_UNINITIALIZED_AUTOS = YES_AGGRESSIVE;
				GCC_WARN_UNUSED_FUNCTION = YES;
				GCC_WARN_UNUSED_VARIABLE = YES;
				IPHONEOS_DEPLOYMENT_TARGET = 10.2;
				MTL_ENABLE_DEBUG_INFO = YES;
				ONLY_ACTIVE_ARCH = YES;
				SDKROOT = iphoneos;
				SWIFT_ACTIVE_COMPILATION_CONDITIONS = DEBUG;
				SWIFT_OPTIMIZATION_LEVEL = "-Onone";
				TARGETED_DEVICE_FAMILY = "1,2";
			};
			name = Debug;
		};
		07DB1E5A1E65F93300FE7617 /* Release */ = {
			isa = XCBuildConfiguration;
			buildSettings = {
				ALWAYS_SEARCH_USER_PATHS = NO;
				CLANG_ANALYZER_NONNULL = YES;
				CLANG_CXX_LANGUAGE_STANDARD = "gnu++0x";
				CLANG_CXX_LIBRARY = "libc++";
				CLANG_ENABLE_MODULES = YES;
				CLANG_ENABLE_OBJC_ARC = YES;
				CLANG_WARN_BOOL_CONVERSION = YES;
				CLANG_WARN_CONSTANT_CONVERSION = YES;
				CLANG_WARN_DIRECT_OBJC_ISA_USAGE = YES_ERROR;
				CLANG_WARN_DOCUMENTATION_COMMENTS = YES;
				CLANG_WARN_EMPTY_BODY = YES;
				CLANG_WARN_ENUM_CONVERSION = YES;
				CLANG_WARN_INFINITE_RECURSION = YES;
				CLANG_WARN_INT_CONVERSION = YES;
				CLANG_WARN_OBJC_ROOT_CLASS = YES_ERROR;
				CLANG_WARN_SUSPICIOUS_MOVE = YES;
				CLANG_WARN_UNREACHABLE_CODE = YES;
				CLANG_WARN__DUPLICATE_METHOD_MATCH = YES;
				"CODE_SIGN_IDENTITY[sdk=iphoneos*]" = "iPhone Developer";
				COPY_PHASE_STRIP = NO;
				DEBUG_INFORMATION_FORMAT = "dwarf-with-dsym";
				ENABLE_NS_ASSERTIONS = NO;
				ENABLE_STRICT_OBJC_MSGSEND = YES;
				GCC_C_LANGUAGE_STANDARD = gnu99;
				GCC_NO_COMMON_BLOCKS = YES;
				GCC_WARN_64_TO_32_BIT_CONVERSION = YES;
				GCC_WARN_ABOUT_RETURN_TYPE = YES_ERROR;
				GCC_WARN_UNDECLARED_SELECTOR = YES;
				GCC_WARN_UNINITIALIZED_AUTOS = YES_AGGRESSIVE;
				GCC_WARN_UNUSED_FUNCTION = YES;
				GCC_WARN_UNUSED_VARIABLE = YES;
				IPHONEOS_DEPLOYMENT_TARGET = 10.2;
				MTL_ENABLE_DEBUG_INFO = NO;
				SDKROOT = iphoneos;
				SWIFT_OPTIMIZATION_LEVEL = "-Owholemodule";
				TARGETED_DEVICE_FAMILY = "1,2";
				VALIDATE_PRODUCT = YES;
			};
			name = Release;
		};
		07DB1E5C1E65F93300FE7617 /* Debug */ = {
			isa = XCBuildConfiguration;
			buildSettings = {
				ASSETCATALOG_COMPILER_APPICON_NAME = AppIcon;
				DEVELOPMENT_TEAM = BTYZV2LTNZ;
				INFOPLIST_FILE = CeldasEstaticas/Info.plist;
				LD_RUNPATH_SEARCH_PATHS = "$(inherited) @executable_path/Frameworks";
				PRODUCT_BUNDLE_IDENTIFIER = "Juan-Luis-Flores.CeldasEstaticas";
				PRODUCT_NAME = "$(TARGET_NAME)";
				SWIFT_VERSION = 3.0;
			};
			name = Debug;
		};
		07DB1E5D1E65F93300FE7617 /* Release */ = {
			isa = XCBuildConfiguration;
			buildSettings = {
				ASSETCATALOG_COMPILER_APPICON_NAME = AppIcon;
				DEVELOPMENT_TEAM = BTYZV2LTNZ;
				INFOPLIST_FILE = CeldasEstaticas/Info.plist;
				LD_RUNPATH_SEARCH_PATHS = "$(inherited) @executable_path/Frameworks";
				PRODUCT_BUNDLE_IDENTIFIER = "Juan-Luis-Flores.CeldasEstaticas";
				PRODUCT_NAME = "$(TARGET_NAME)";
				SWIFT_VERSION = 3.0;
			};
			name = Release;
		};
/* End XCBuildConfiguration section */

/* Begin XCConfigurationList section */
		07DB1E441E65F93300FE7617 /* Build configuration list for PBXProject "CeldasEstaticas" */ = {
			isa = XCConfigurationList;
			buildConfigurations = (
				07DB1E591E65F93300FE7617 /* Debug */,
				07DB1E5A1E65F93300FE7617 /* Release */,
			);
			defaultConfigurationIsVisible = 0;
			defaultConfigurationName = Release;
		};
		07DB1E5B1E65F93300FE7617 /* Build configuration list for PBXNativeTarget "CeldasEstaticas" */ = {
			isa = XCConfigurationList;
			buildConfigurations = (
				07DB1E5C1E65F93300FE7617 /* Debug */,
				07DB1E5D1E65F93300FE7617 /* Release */,
			);
			defaultConfigurationIsVisible = 0;
		};
/* End XCConfigurationList section */
	};
	rootObject = 07DB1E411E65F93300FE7617 /* Project object */;
}
