// !$*UTF8*$!
{
	archiveVersion = 1;
	classes = {
	};
	objectVersion = 46;
	objects = {

/* Begin PBXBuildFile section */
		910843321E42ED2F007AB05B /* PrismaViewController.swift in Sources */ = {isa = PBXBuildFile; fileRef = 910843311E42ED2F007AB05B /* PrismaViewController.swift */; };
		91A707851E42736600B34A02 /* AppDelegate.swift in Sources */ = {isa = PBXBuildFile; fileRef = 91A707841E42736600B34A02 /* AppDelegate.swift */; };
		91A707871E42736600B34A02 /* ViewController.swift in Sources */ = {isa = PBXBuildFile; fileRef = 91A707861E42736600B34A02 /* ViewController.swift */; };
		91A7078A1E42736600B34A02 /* Main.storyboard in Resources */ = {isa = PBXBuildFile; fileRef = 91A707881E42736600B34A02 /* Main.storyboard */; };
		91A7078C1E42736600B34A02 /* Assets.xcassets in Resources */ = {isa = PBXBuildFile; fileRef = 91A7078B1E42736600B34A02 /* Assets.xcassets */; };
		91A7078F1E42736600B34A02 /* LaunchScreen.storyboard in Resources */ = {isa = PBXBuildFile; fileRef = 91A7078D1E42736600B34A02 /* LaunchScreen.storyboard */; };
		FBC9DEAF1E42AABA000DAB3A /* EsferaViewController.swift in Sources */ = {isa = PBXBuildFile; fileRef = FBC9DEAE1E42AABA000DAB3A /* EsferaViewController.swift */; };
/* End PBXBuildFile section */

/* Begin PBXFileReference section */
		910843311E42ED2F007AB05B /* PrismaViewController.swift */ = {isa = PBXFileReference; fileEncoding = 4; lastKnownFileType = sourcecode.swift; path = PrismaViewController.swift; sourceTree = "<group>"; };
		91A707811E42736600B34A02 /* Cuerpos	Geométricos.app */ = {isa = PBXFileReference; explicitFileType = wrapper.application; includeInIndex = 0; path = "Cuerpos\tGeométricos.app"; sourceTree = BUILT_PRODUCTS_DIR; };
		91A707841E42736600B34A02 /* AppDelegate.swift */ = {isa = PBXFileReference; lastKnownFileType = sourcecode.swift; path = AppDelegate.swift; sourceTree = "<group>"; };
		91A707861E42736600B34A02 /* ViewController.swift */ = {isa = PBXFileReference; lastKnownFileType = sourcecode.swift; path = ViewController.swift; sourceTree = "<group>"; };
		91A707891E42736600B34A02 /* Base */ = {isa = PBXFileReference; lastKnownFileType = file.storyboard; name = Base; path = Base.lproj/Main.storyboard; sourceTree = "<group>"; };
		91A7078B1E42736600B34A02 /* Assets.xcassets */ = {isa = PBXFileReference; lastKnownFileType = folder.assetcatalog; path = Assets.xcassets; sourceTree = "<group>"; };
		91A7078E1E42736600B34A02 /* Base */ = {isa = PBXFileReference; lastKnownFileType = file.storyboard; name = Base; path = Base.lproj/LaunchScreen.storyboard; sourceTree = "<group>"; };
		91A707901E42736600B34A02 /* Info.plist */ = {isa = PBXFileReference; lastKnownFileType = text.plist.xml; path = Info.plist; sourceTree = "<group>"; };
		FBC9DEAE1E42AABA000DAB3A /* EsferaViewController.swift */ = {isa = PBXFileReference; fileEncoding = 4; lastKnownFileType = sourcecode.swift; path = EsferaViewController.swift; sourceTree = "<group>"; };
/* End PBXFileReference section */

/* Begin PBXFrameworksBuildPhase section */
		91A7077E1E42736600B34A02 /* Frameworks */ = {
			isa = PBXFrameworksBuildPhase;
			buildActionMask = 2147483647;
			files = (
			);
			runOnlyForDeploymentPostprocessing = 0;
		};
/* End PBXFrameworksBuildPhase section */

/* Begin PBXGroup section */
		91A707781E42736600B34A02 = {
			isa = PBXGroup;
			children = (
				91A707831E42736600B34A02 /* CuerposGeometricos */,
				91A707821E42736600B34A02 /* Products */,
			);
			sourceTree = "<group>";
		};
		91A707821E42736600B34A02 /* Products */ = {
			isa = PBXGroup;
			children = (
				91A707811E42736600B34A02 /* Cuerpos	Geométricos.app */,
			);
			name = Products;
			sourceTree = "<group>";
		};
		91A707831E42736600B34A02 /* CuerposGeometricos */ = {
			isa = PBXGroup;
			children = (
				91A707841E42736600B34A02 /* AppDelegate.swift */,
				91A707861E42736600B34A02 /* ViewController.swift */,
				FBC9DEAE1E42AABA000DAB3A /* EsferaViewController.swift */,
				910843311E42ED2F007AB05B /* PrismaViewController.swift */,
				91A707881E42736600B34A02 /* Main.storyboard */,
				91A7078B1E42736600B34A02 /* Assets.xcassets */,
				91A7078D1E42736600B34A02 /* LaunchScreen.storyboard */,
				91A707901E42736600B34A02 /* Info.plist */,
			);
			path = CuerposGeometricos;
			sourceTree = "<group>";
		};
/* End PBXGroup section */

/* Begin PBXNativeTarget section */
		91A707801E42736600B34A02 /* Cuerpos	Geométricos */ = {
			isa = PBXNativeTarget;
			buildConfigurationList = 91A707931E42736600B34A02 /* Build configuration list for PBXNativeTarget "Cuerpos	Geométricos" */;
			buildPhases = (
				91A7077D1E42736600B34A02 /* Sources */,
				91A7077E1E42736600B34A02 /* Frameworks */,
				91A7077F1E42736600B34A02 /* Resources */,
			);
			buildRules = (
			);
			dependencies = (
			);
			name = "Cuerpos\tGeométricos";
			productName = "Cuerpos\tGeométricos";
			productReference = 91A707811E42736600B34A02 /* Cuerpos	Geométricos.app */;
			productType = "com.apple.product-type.application";
		};
/* End PBXNativeTarget section */

/* Begin PBXProject section */
		91A707791E42736600B34A02 /* Project object */ = {
			isa = PBXProject;
			attributes = {
				LastSwiftUpdateCheck = 0820;
				LastUpgradeCheck = 0820;
				ORGANIZATIONNAME = "Juan Luis Flores";
				TargetAttributes = {
					91A707801E42736600B34A02 = {
						CreatedOnToolsVersion = 8.2.1;
						ProvisioningStyle = Automatic;
					};
				};
			};
			buildConfigurationList = 91A7077C1E42736600B34A02 /* Build configuration list for PBXProject "CuerposGeometricos" */;
			compatibilityVersion = "Xcode 3.2";
			developmentRegion = English;
			hasScannedForEncodings = 0;
			knownRegions = (
				en,
				Base,
			);
			mainGroup = 91A707781E42736600B34A02;
			productRefGroup = 91A707821E42736600B34A02 /* Products */;
			projectDirPath = "";
			projectRoot = "";
			targets = (
				91A707801E42736600B34A02 /* Cuerpos	Geométricos */,
			);
		};
/* End PBXProject section */

/* Begin PBXResourcesBuildPhase section */
		91A7077F1E42736600B34A02 /* Resources */ = {
			isa = PBXResourcesBuildPhase;
			buildActionMask = 2147483647;
			files = (
				91A7078F1E42736600B34A02 /* LaunchScreen.storyboard in Resources */,
				91A7078C1E42736600B34A02 /* Assets.xcassets in Resources */,
				91A7078A1E42736600B34A02 /* Main.storyboard in Resources */,
			);
			runOnlyForDeploymentPostprocessing = 0;
		};
/* End PBXResourcesBuildPhase section */

/* Begin PBXSourcesBuildPhase section */
		91A7077D1E42736600B34A02 /* Sources */ = {
			isa = PBXSourcesBuildPhase;
			buildActionMask = 2147483647;
			files = (
				910843321E42ED2F007AB05B /* PrismaViewController.swift in Sources */,
				FBC9DEAF1E42AABA000DAB3A /* EsferaViewController.swift in Sources */,
				91A707871E42736600B34A02 /* ViewController.swift in Sources */,
				91A707851E42736600B34A02 /* AppDelegate.swift in Sources */,
			);
			runOnlyForDeploymentPostprocessing = 0;
		};
/* End PBXSourcesBuildPhase section */

/* Begin PBXVariantGroup section */
		91A707881E42736600B34A02 /* Main.storyboard */ = {
			isa = PBXVariantGroup;
			children = (
				91A707891E42736600B34A02 /* Base */,
			);
			name = Main.storyboard;
			sourceTree = "<group>";
		};
		91A7078D1E42736600B34A02 /* LaunchScreen.storyboard */ = {
			isa = PBXVariantGroup;
			children = (
				91A7078E1E42736600B34A02 /* Base */,
			);
			name = LaunchScreen.storyboard;
			sourceTree = "<group>";
		};
/* End PBXVariantGroup section */

/* Begin XCBuildConfiguration section */
		91A707911E42736600B34A02 /* Debug */ = {
			isa = XCBuildConfiguration;
			buildSettings = {
				ALWAYS_SEARCH_USER_PATHS = NO;
				CLANG_ANALYZER_NONNULL = YES;
				CLANG_CXX_LANGUAGE_STANDARD = "gnu++0x";
				CLANG_CXX_LIBRARY = "libc++";
				CLANG_ENABLE_MODULES = YES;
				CLANG_ENABLE_OBJC_ARC = YES;
				CLANG_WARN_BOOL_CONVERSION = YES;
				CLANG_WARN_CONSTANT_CONVERSION = YES;
				CLANG_WARN_DIRECT_OBJC_ISA_USAGE = YES_ERROR;
				CLANG_WARN_DOCUMENTATION_COMMENTS = YES;
				CLANG_WARN_EMPTY_BODY = YES;
				CLANG_WARN_ENUM_CONVERSION = YES;
				CLANG_WARN_INFINITE_RECURSION = YES;
				CLANG_WARN_INT_CONVERSION = YES;
				CLANG_WARN_OBJC_ROOT_CLASS = YES_ERROR;
				CLANG_WARN_SUSPICIOUS_MOVE = YES;
				CLANG_WARN_UNREACHABLE_CODE = YES;
				CLANG_WARN__DUPLICATE_METHOD_MATCH = YES;
				"CODE_SIGN_IDENTITY[sdk=iphoneos*]" = "iPhone Developer";
				COPY_PHASE_STRIP = NO;
				DEBUG_INFORMATION_FORMAT = dwarf;
				ENABLE_STRICT_OBJC_MSGSEND = YES;
				ENABLE_TESTABILITY = YES;
				GCC_C_LANGUAGE_STANDARD = gnu99;
				GCC_DYNAMIC_NO_PIC = NO;
				GCC_NO_COMMON_BLOCKS = YES;
				GCC_OPTIMIZATION_LEVEL = 0;
				GCC_PREPROCESSOR_DEFINITIONS = (
					"DEBUG=1",
					"$(inherited)",
				);
				GCC_WARN_64_TO_32_BIT_CONVERSION = YES;
				GCC_WARN_ABOUT_RETURN_TYPE = YES_ERROR;
				GCC_WARN_UNDECLARED_SELECTOR = YES;
				GCC_WARN_UNINITIALIZED_AUTOS = YES_AGGRESSIVE;
				GCC_WARN_UNUSED_FUNCTION = YES;
				GCC_WARN_UNUSED_VARIABLE = YES;
				IPHONEOS_DEPLOYMENT_TARGET = 10.2;
				MTL_ENABLE_DEBUG_INFO = YES;
				ONLY_ACTIVE_ARCH = YES;
				SDKROOT = iphoneos;
				SWIFT_ACTIVE_COMPILATION_CONDITIONS = DEBUG;
				SWIFT_OPTIMIZATION_LEVEL = "-Onone";
			};
			name = Debug;
		};
		91A707921E42736600B34A02 /* Release */ = {
			isa = XCBuildConfiguration;
			buildSettings = {
				ALWAYS_SEARCH_USER_PATHS = NO;
				CLANG_ANALYZER_NONNULL = YES;
				CLANG_CXX_LANGUAGE_STANDARD = "gnu++0x";
				CLANG_CXX_LIBRARY = "libc++";
				CLANG_ENABLE_MODULES = YES;
				CLANG_ENABLE_OBJC_ARC = YES;
				CLANG_WARN_BOOL_CONVERSION = YES;
				CLANG_WARN_CONSTANT_CONVERSION = YES;
				CLANG_WARN_DIRECT_OBJC_ISA_USAGE = YES_ERROR;
				CLANG_WARN_DOCUMENTATION_COMMENTS = YES;
				CLANG_WARN_EMPTY_BODY = YES;
				CLANG_WARN_ENUM_CONVERSION = YES;
				CLANG_WARN_INFINITE_RECURSION = YES;
				CLANG_WARN_INT_CONVERSION = YES;
				CLANG_WARN_OBJC_ROOT_CLASS = YES_ERROR;
				CLANG_WARN_SUSPICIOUS_MOVE = YES;
				CLANG_WARN_UNREACHABLE_CODE = YES;
				CLANG_WARN__DUPLICATE_METHOD_MATCH = YES;
				"CODE_SIGN_IDENTITY[sdk=iphoneos*]" = "iPhone Developer";
				COPY_PHASE_STRIP = NO;
				DEBUG_INFORMATION_FORMAT = "dwarf-with-dsym";
				ENABLE_NS_ASSERTIONS = NO;
				ENABLE_STRICT_OBJC_MSGSEND = YES;
				GCC_C_LANGUAGE_STANDARD = gnu99;
				GCC_NO_COMMON_BLOCKS = YES;
				GCC_WARN_64_TO_32_BIT_CONVERSION = YES;
				GCC_WARN_ABOUT_RETURN_TYPE = YES_ERROR;
				GCC_WARN_UNDECLARED_SELECTOR = YES;
				GCC_WARN_UNINITIALIZED_AUTOS = YES_AGGRESSIVE;
				GCC_WARN_UNUSED_FUNCTION = YES;
				GCC_WARN_UNUSED_VARIABLE = YES;
				IPHONEOS_DEPLOYMENT_TARGET = 10.2;
				MTL_ENABLE_DEBUG_INFO = NO;
				SDKROOT = iphoneos;
				SWIFT_OPTIMIZATION_LEVEL = "-Owholemodule";
				VALIDATE_PRODUCT = YES;
			};
			name = Release;
		};
		91A707941E42736600B34A02 /* Debug */ = {
			isa = XCBuildConfiguration;
			buildSettings = {
				ASSETCATALOG_COMPILER_APPICON_NAME = AppIcon;
				INFOPLIST_FILE = "$(SRCROOT)/CuerposGeometricos/Info.plist";
				LD_RUNPATH_SEARCH_PATHS = "$(inherited) @executable_path/Frameworks";
				PRODUCT_BUNDLE_IDENTIFIER = "Juan-Luis-Flores.Cuerpos-Geome-tricos";
				PRODUCT_NAME = "$(TARGET_NAME)";
				SWIFT_VERSION = 3.0;
			};
			name = Debug;
		};
		91A707951E42736600B34A02 /* Release */ = {
			isa = XCBuildConfiguration;
			buildSettings = {
				ASSETCATALOG_COMPILER_APPICON_NAME = AppIcon;
				INFOPLIST_FILE = "$(SRCROOT)/CuerposGeometricos/Info.plist";
				LD_RUNPATH_SEARCH_PATHS = "$(inherited) @executable_path/Frameworks";
				PRODUCT_BUNDLE_IDENTIFIER = "Juan-Luis-Flores.Cuerpos-Geome-tricos";
				PRODUCT_NAME = "$(TARGET_NAME)";
				SWIFT_VERSION = 3.0;
			};
			name = Release;
		};
/* End XCBuildConfiguration section */

/* Begin XCConfigurationList section */
		91A7077C1E42736600B34A02 /* Build configuration list for PBXProject "CuerposGeometricos" */ = {
			isa = XCConfigurationList;
			buildConfigurations = (
				91A707911E42736600B34A02 /* Debug */,
				91A707921E42736600B34A02 /* Release */,
			);
			defaultConfigurationIsVisible = 0;
			defaultConfigurationName = Release;
		};
		91A707931E42736600B34A02 /* Build configuration list for PBXNativeTarget "Cuerpos	Geométricos" */ = {
			isa = XCConfigurationList;
			buildConfigurations = (
				91A707941E42736600B34A02 /* Debug */,
				91A707951E42736600B34A02 /* Release */,
			);
			defaultConfigurationIsVisible = 0;
			defaultConfigurationName = Release;
		};
/* End XCConfigurationList section */
	};
	rootObject = 91A707791E42736600B34A02 /* Project object */;
}
