// !$*UTF8*$!
{
	archiveVersion = 1;
	classes = {
	};
	objectVersion = 46;
	objects = {

/* Begin PBXBuildFile section */
		FBD10EC81E2805FB00CE30AE /* AppDelegate.swift in Sources */ = {isa = PBXBuildFile; fileRef = FBD10EC71E2805FB00CE30AE /* AppDelegate.swift */; };
		FBD10ECA1E2805FB00CE30AE /* ViewController.swift in Sources */ = {isa = PBXBuildFile; fileRef = FBD10EC91E2805FB00CE30AE /* ViewController.swift */; };
		FBD10ECD1E2805FB00CE30AE /* Main.storyboard in Resources */ = {isa = PBXBuildFile; fileRef = FBD10ECB1E2805FB00CE30AE /* Main.storyboard */; };
		FBD10ECF1E2805FB00CE30AE /* Assets.xcassets in Resources */ = {isa = PBXBuildFile; fileRef = FBD10ECE1E2805FB00CE30AE /* Assets.xcassets */; };
		FBD10ED21E2805FB00CE30AE /* LaunchScreen.storyboard in Resources */ = {isa = PBXBuildFile; fileRef = FBD10ED01E2805FB00CE30AE /* LaunchScreen.storyboard */; };
/* End PBXBuildFile section */

/* Begin PBXFileReference section */
		FBD10EC41E2805FB00CE30AE /* Money Converter.app */ = {isa = PBXFileReference; explicitFileType = wrapper.application; includeInIndex = 0; path = "Money Converter.app"; sourceTree = BUILT_PRODUCTS_DIR; };
		FBD10EC71E2805FB00CE30AE /* AppDelegate.swift */ = {isa = PBXFileReference; lastKnownFileType = sourcecode.swift; path = AppDelegate.swift; sourceTree = "<group>"; };
		FBD10EC91E2805FB00CE30AE /* ViewController.swift */ = {isa = PBXFileReference; lastKnownFileType = sourcecode.swift; path = ViewController.swift; sourceTree = "<group>"; };
		FBD10ECC1E2805FB00CE30AE /* Base */ = {isa = PBXFileReference; lastKnownFileType = file.storyboard; name = Base; path = Base.lproj/Main.storyboard; sourceTree = "<group>"; };
		FBD10ECE1E2805FB00CE30AE /* Assets.xcassets */ = {isa = PBXFileReference; lastKnownFileType = folder.assetcatalog; path = Assets.xcassets; sourceTree = "<group>"; };
		FBD10ED11E2805FB00CE30AE /* Base */ = {isa = PBXFileReference; lastKnownFileType = file.storyboard; name = Base; path = Base.lproj/LaunchScreen.storyboard; sourceTree = "<group>"; };
		FBD10ED31E2805FB00CE30AE /* Info.plist */ = {isa = PBXFileReference; lastKnownFileType = text.plist.xml; path = Info.plist; sourceTree = "<group>"; };
/* End PBXFileReference section */

/* Begin PBXFrameworksBuildPhase section */
		FBD10EC11E2805FB00CE30AE /* Frameworks */ = {
			isa = PBXFrameworksBuildPhase;
			buildActionMask = 2147483647;
			files = (
			);
			runOnlyForDeploymentPostprocessing = 0;
		};
/* End PBXFrameworksBuildPhase section */

/* Begin PBXGroup section */
		FBD10EBB1E2805FB00CE30AE = {
			isa = PBXGroup;
			children = (
				FBD10EC61E2805FB00CE30AE /* Money Converter */,
				FBD10EC51E2805FB00CE30AE /* Products */,
			);
			sourceTree = "<group>";
		};
		FBD10EC51E2805FB00CE30AE /* Products */ = {
			isa = PBXGroup;
			children = (
				FBD10EC41E2805FB00CE30AE /* Money Converter.app */,
			);
			name = Products;
			sourceTree = "<group>";
		};
		FBD10EC61E2805FB00CE30AE /* Money Converter */ = {
			isa = PBXGroup;
			children = (
				FBD10EC71E2805FB00CE30AE /* AppDelegate.swift */,
				FBD10EC91E2805FB00CE30AE /* ViewController.swift */,
				FBD10ECB1E2805FB00CE30AE /* Main.storyboard */,
				FBD10ECE1E2805FB00CE30AE /* Assets.xcassets */,
				FBD10ED01E2805FB00CE30AE /* LaunchScreen.storyboard */,
				FBD10ED31E2805FB00CE30AE /* Info.plist */,
			);
			path = "Money Converter";
			sourceTree = "<group>";
		};
/* End PBXGroup section */

/* Begin PBXNativeTarget section */
		FBD10EC31E2805FB00CE30AE /* Money Converter */ = {
			isa = PBXNativeTarget;
			buildConfigurationList = FBD10ED61E2805FB00CE30AE /* Build configuration list for PBXNativeTarget "Money Converter" */;
			buildPhases = (
				FBD10EC01E2805FB00CE30AE /* Sources */,
				FBD10EC11E2805FB00CE30AE /* Frameworks */,
				FBD10EC21E2805FB00CE30AE /* Resources */,
			);
			buildRules = (
			);
			dependencies = (
			);
			name = "Money Converter";
			productName = "Money Converter";
			productReference = FBD10EC41E2805FB00CE30AE /* Money Converter.app */;
			productType = "com.apple.product-type.application";
		};
/* End PBXNativeTarget section */

/* Begin PBXProject section */
		FBD10EBC1E2805FB00CE30AE /* Project object */ = {
			isa = PBXProject;
			attributes = {
				LastSwiftUpdateCheck = 0820;
				LastUpgradeCheck = 0820;
				ORGANIZATIONNAME = a01280767;
				TargetAttributes = {
					FBD10EC31E2805FB00CE30AE = {
						CreatedOnToolsVersion = 8.2;
						ProvisioningStyle = Automatic;
					};
				};
			};
			buildConfigurationList = FBD10EBF1E2805FB00CE30AE /* Build configuration list for PBXProject "Money Converter" */;
			compatibilityVersion = "Xcode 3.2";
			developmentRegion = English;
			hasScannedForEncodings = 0;
			knownRegions = (
				en,
				Base,
			);
			mainGroup = FBD10EBB1E2805FB00CE30AE;
			productRefGroup = FBD10EC51E2805FB00CE30AE /* Products */;
			projectDirPath = "";
			projectRoot = "";
			targets = (
				FBD10EC31E2805FB00CE30AE /* Money Converter */,
			);
		};
/* End PBXProject section */

/* Begin PBXResourcesBuildPhase section */
		FBD10EC21E2805FB00CE30AE /* Resources */ = {
			isa = PBXResourcesBuildPhase;
			buildActionMask = 2147483647;
			files = (
				FBD10ED21E2805FB00CE30AE /* LaunchScreen.storyboard in Resources */,
				FBD10ECF1E2805FB00CE30AE /* Assets.xcassets in Resources */,
				FBD10ECD1E2805FB00CE30AE /* Main.storyboard in Resources */,
			);
			runOnlyForDeploymentPostprocessing = 0;
		};
/* End PBXResourcesBuildPhase section */

/* Begin PBXSourcesBuildPhase section */
		FBD10EC01E2805FB00CE30AE /* Sources */ = {
			isa = PBXSourcesBuildPhase;
			buildActionMask = 2147483647;
			files = (
				FBD10ECA1E2805FB00CE30AE /* ViewController.swift in Sources */,
				FBD10EC81E2805FB00CE30AE /* AppDelegate.swift in Sources */,
			);
			runOnlyForDeploymentPostprocessing = 0;
		};
/* End PBXSourcesBuildPhase section */

/* Begin PBXVariantGroup section */
		FBD10ECB1E2805FB00CE30AE /* Main.storyboard */ = {
			isa = PBXVariantGroup;
			children = (
				FBD10ECC1E2805FB00CE30AE /* Base */,
			);
			name = Main.storyboard;
			sourceTree = "<group>";
		};
		FBD10ED01E2805FB00CE30AE /* LaunchScreen.storyboard */ = {
			isa = PBXVariantGroup;
			children = (
				FBD10ED11E2805FB00CE30AE /* Base */,
			);
			name = LaunchScreen.storyboard;
			sourceTree = "<group>";
		};
/* End PBXVariantGroup section */

/* Begin XCBuildConfiguration section */
		FBD10ED41E2805FB00CE30AE /* Debug */ = {
			isa = XCBuildConfiguration;
			buildSettings = {
				ALWAYS_SEARCH_USER_PATHS = NO;
				CLANG_ANALYZER_NONNULL = YES;
				CLANG_CXX_LANGUAGE_STANDARD = "gnu++0x";
				CLANG_CXX_LIBRARY = "libc++";
				CLANG_ENABLE_MODULES = YES;
				CLANG_ENABLE_OBJC_ARC = YES;
				CLANG_WARN_BOOL_CONVERSION = YES;
				CLANG_WARN_CONSTANT_CONVERSION = YES;
				CLANG_WARN_DIRECT_OBJC_ISA_USAGE = YES_ERROR;
				CLANG_WARN_DOCUMENTATION_COMMENTS = YES;
				CLANG_WARN_EMPTY_BODY = YES;
				CLANG_WARN_ENUM_CONVERSION = YES;
				CLANG_WARN_INFINITE_RECURSION = YES;
				CLANG_WARN_INT_CONVERSION = YES;
				CLANG_WARN_OBJC_ROOT_CLASS = YES_ERROR;
				CLANG_WARN_SUSPICIOUS_MOVE = YES;
				CLANG_WARN_UNREACHABLE_CODE = YES;
				CLANG_WARN__DUPLICATE_METHOD_MATCH = YES;
				"CODE_SIGN_IDENTITY[sdk=iphoneos*]" = "iPhone Developer";
				COPY_PHASE_STRIP = NO;
				DEBUG_INFORMATION_FORMAT = dwarf;
				ENABLE_STRICT_OBJC_MSGSEND = YES;
				ENABLE_TESTABILITY = YES;
				GCC_C_LANGUAGE_STANDARD = gnu99;
				GCC_DYNAMIC_NO_PIC = NO;
				GCC_NO_COMMON_BLOCKS = YES;
				GCC_OPTIMIZATION_LEVEL = 0;
				GCC_PREPROCESSOR_DEFINITIONS = (
					"DEBUG=1",
					"$(inherited)",
				);
				GCC_WARN_64_TO_32_BIT_CONVERSION = YES;
				GCC_WARN_ABOUT_RETURN_TYPE = YES_ERROR;
				GCC_WARN_UNDECLARED_SELECTOR = YES;
				GCC_WARN_UNINITIALIZED_AUTOS = YES_AGGRESSIVE;
				GCC_WARN_UNUSED_FUNCTION = YES;
				GCC_WARN_UNUSED_VARIABLE = YES;
				IPHONEOS_DEPLOYMENT_TARGET = 10.2;
				MTL_ENABLE_DEBUG_INFO = YES;
				ONLY_ACTIVE_ARCH = YES;
				SDKROOT = iphoneos;
				SWIFT_ACTIVE_COMPILATION_CONDITIONS = DEBUG;
				SWIFT_OPTIMIZATION_LEVEL = "-Onone";
			};
			name = Debug;
		};
		FBD10ED51E2805FB00CE30AE /* Release */ = {
			isa = XCBuildConfiguration;
			buildSettings = {
				ALWAYS_SEARCH_USER_PATHS = NO;
				CLANG_ANALYZER_NONNULL = YES;
				CLANG_CXX_LANGUAGE_STANDARD = "gnu++0x";
				CLANG_CXX_LIBRARY = "libc++";
				CLANG_ENABLE_MODULES = YES;
				CLANG_ENABLE_OBJC_ARC = YES;
				CLANG_WARN_BOOL_CONVERSION = YES;
				CLANG_WARN_CONSTANT_CONVERSION = YES;
				CLANG_WARN_DIRECT_OBJC_ISA_USAGE = YES_ERROR;
				CLANG_WARN_DOCUMENTATION_COMMENTS = YES;
				CLANG_WARN_EMPTY_BODY = YES;
				CLANG_WARN_ENUM_CONVERSION = YES;
				CLANG_WARN_INFINITE_RECURSION = YES;
				CLANG_WARN_INT_CONVERSION = YES;
				CLANG_WARN_OBJC_ROOT_CLASS = YES_ERROR;
				CLANG_WARN_SUSPICIOUS_MOVE = YES;
				CLANG_WARN_UNREACHABLE_CODE = YES;
				CLANG_WARN__DUPLICATE_METHOD_MATCH = YES;
				"CODE_SIGN_IDENTITY[sdk=iphoneos*]" = "iPhone Developer";
				COPY_PHASE_STRIP = NO;
				DEBUG_INFORMATION_FORMAT = "dwarf-with-dsym";
				ENABLE_NS_ASSERTIONS = NO;
				ENABLE_STRICT_OBJC_MSGSEND = YES;
				GCC_C_LANGUAGE_STANDARD = gnu99;
				GCC_NO_COMMON_BLOCKS = YES;
				GCC_WARN_64_TO_32_BIT_CONVERSION = YES;
				GCC_WARN_ABOUT_RETURN_TYPE = YES_ERROR;
				GCC_WARN_UNDECLARED_SELECTOR = YES;
				GCC_WARN_UNINITIALIZED_AUTOS = YES_AGGRESSIVE;
				GCC_WARN_UNUSED_FUNCTION = YES;
				GCC_WARN_UNUSED_VARIABLE = YES;
				IPHONEOS_DEPLOYMENT_TARGET = 10.2;
				MTL_ENABLE_DEBUG_INFO = NO;
				SDKROOT = iphoneos;
				SWIFT_OPTIMIZATION_LEVEL = "-Owholemodule";
				VALIDATE_PRODUCT = YES;
			};
			name = Release;
		};
		FBD10ED71E2805FB00CE30AE /* Debug */ = {
			isa = XCBuildConfiguration;
			buildSettings = {
				ASSETCATALOG_COMPILER_APPICON_NAME = AppIcon;
				INFOPLIST_FILE = "Money Converter/Info.plist";
				LD_RUNPATH_SEARCH_PATHS = "$(inherited) @executable_path/Frameworks";
				PRODUCT_BUNDLE_IDENTIFIER = "a01280767.Money-Converter";
				PRODUCT_NAME = "$(TARGET_NAME)";
				SWIFT_VERSION = 3.0;
			};
			name = Debug;
		};
		FBD10ED81E2805FB00CE30AE /* Release */ = {
			isa = XCBuildConfiguration;
			buildSettings = {
				ASSETCATALOG_COMPILER_APPICON_NAME = AppIcon;
				INFOPLIST_FILE = "Money Converter/Info.plist";
				LD_RUNPATH_SEARCH_PATHS = "$(inherited) @executable_path/Frameworks";
				PRODUCT_BUNDLE_IDENTIFIER = "a01280767.Money-Converter";
				PRODUCT_NAME = "$(TARGET_NAME)";
				SWIFT_VERSION = 3.0;
			};
			name = Release;
		};
/* End XCBuildConfiguration section */

/* Begin XCConfigurationList section */
		FBD10EBF1E2805FB00CE30AE /* Build configuration list for PBXProject "Money Converter" */ = {
			isa = XCConfigurationList;
			buildConfigurations = (
				FBD10ED41E2805FB00CE30AE /* Debug */,
				FBD10ED51E2805FB00CE30AE /* Release */,
			);
			defaultConfigurationIsVisible = 0;
			defaultConfigurationName = Release;
		};
		FBD10ED61E2805FB00CE30AE /* Build configuration list for PBXNativeTarget "Money Converter" */ = {
			isa = XCConfigurationList;
			buildConfigurations = (
				FBD10ED71E2805FB00CE30AE /* Debug */,
				FBD10ED81E2805FB00CE30AE /* Release */,
			);
			defaultConfigurationIsVisible = 0;
		};
/* End XCConfigurationList section */
	};
	rootObject = FBD10EBC1E2805FB00CE30AE /* Project object */;
}
