// !$*UTF8*$!
{
	archiveVersion = 1;
	classes = {
	};
	objectVersion = 46;
	objects = {

/* Begin PBXBuildFile section */
		FBE991ED1E96B52300CFCA76 /* AppDelegate.swift in Sources */ = {isa = PBXBuildFile; fileRef = FBE991EC1E96B52300CFCA76 /* AppDelegate.swift */; };
		FBE991EF1E96B52300CFCA76 /* ViewController.swift in Sources */ = {isa = PBXBuildFile; fileRef = FBE991EE1E96B52300CFCA76 /* ViewController.swift */; };
		FBE991F21E96B52300CFCA76 /* Main.storyboard in Resources */ = {isa = PBXBuildFile; fileRef = FBE991F01E96B52300CFCA76 /* Main.storyboard */; };
		FBE991F41E96B52300CFCA76 /* Assets.xcassets in Resources */ = {isa = PBXBuildFile; fileRef = FBE991F31E96B52300CFCA76 /* Assets.xcassets */; };
		FBE991F71E96B52300CFCA76 /* LaunchScreen.storyboard in Resources */ = {isa = PBXBuildFile; fileRef = FBE991F51E96B52300CFCA76 /* LaunchScreen.storyboard */; };
/* End PBXBuildFile section */

/* Begin PBXFileReference section */
		FBE991E91E96B52300CFCA76 /* ScrollView2.app */ = {isa = PBXFileReference; explicitFileType = wrapper.application; includeInIndex = 0; path = ScrollView2.app; sourceTree = BUILT_PRODUCTS_DIR; };
		FBE991EC1E96B52300CFCA76 /* AppDelegate.swift */ = {isa = PBXFileReference; lastKnownFileType = sourcecode.swift; path = AppDelegate.swift; sourceTree = "<group>"; };
		FBE991EE1E96B52300CFCA76 /* ViewController.swift */ = {isa = PBXFileReference; lastKnownFileType = sourcecode.swift; path = ViewController.swift; sourceTree = "<group>"; };
		FBE991F11E96B52300CFCA76 /* Base */ = {isa = PBXFileReference; lastKnownFileType = file.storyboard; name = Base; path = Base.lproj/Main.storyboard; sourceTree = "<group>"; };
		FBE991F31E96B52300CFCA76 /* Assets.xcassets */ = {isa = PBXFileReference; lastKnownFileType = folder.assetcatalog; path = Assets.xcassets; sourceTree = "<group>"; };
		FBE991F61E96B52300CFCA76 /* Base */ = {isa = PBXFileReference; lastKnownFileType = file.storyboard; name = Base; path = Base.lproj/LaunchScreen.storyboard; sourceTree = "<group>"; };
		FBE991F81E96B52300CFCA76 /* Info.plist */ = {isa = PBXFileReference; lastKnownFileType = text.plist.xml; path = Info.plist; sourceTree = "<group>"; };
/* End PBXFileReference section */

/* Begin PBXFrameworksBuildPhase section */
		FBE991E61E96B52200CFCA76 /* Frameworks */ = {
			isa = PBXFrameworksBuildPhase;
			buildActionMask = 2147483647;
			files = (
			);
			runOnlyForDeploymentPostprocessing = 0;
		};
/* End PBXFrameworksBuildPhase section */

/* Begin PBXGroup section */
		FBE991E01E96B52200CFCA76 = {
			isa = PBXGroup;
			children = (
				FBE991EB1E96B52300CFCA76 /* ScrollView2 */,
				FBE991EA1E96B52300CFCA76 /* Products */,
			);
			sourceTree = "<group>";
		};
		FBE991EA1E96B52300CFCA76 /* Products */ = {
			isa = PBXGroup;
			children = (
				FBE991E91E96B52300CFCA76 /* ScrollView2.app */,
			);
			name = Products;
			sourceTree = "<group>";
		};
		FBE991EB1E96B52300CFCA76 /* ScrollView2 */ = {
			isa = PBXGroup;
			children = (
				FBE991EC1E96B52300CFCA76 /* AppDelegate.swift */,
				FBE991EE1E96B52300CFCA76 /* ViewController.swift */,
				FBE991F01E96B52300CFCA76 /* Main.storyboard */,
				FBE991F31E96B52300CFCA76 /* Assets.xcassets */,
				FBE991F51E96B52300CFCA76 /* LaunchScreen.storyboard */,
				FBE991F81E96B52300CFCA76 /* Info.plist */,
			);
			path = ScrollView2;
			sourceTree = "<group>";
		};
/* End PBXGroup section */

/* Begin PBXNativeTarget section */
		FBE991E81E96B52200CFCA76 /* ScrollView2 */ = {
			isa = PBXNativeTarget;
			buildConfigurationList = FBE991FB1E96B52300CFCA76 /* Build configuration list for PBXNativeTarget "ScrollView2" */;
			buildPhases = (
				FBE991E51E96B52200CFCA76 /* Sources */,
				FBE991E61E96B52200CFCA76 /* Frameworks */,
				FBE991E71E96B52200CFCA76 /* Resources */,
			);
			buildRules = (
			);
			dependencies = (
			);
			name = ScrollView2;
			productName = ScrollView2;
			productReference = FBE991E91E96B52300CFCA76 /* ScrollView2.app */;
			productType = "com.apple.product-type.application";
		};
/* End PBXNativeTarget section */

/* Begin PBXProject section */
		FBE991E11E96B52200CFCA76 /* Project object */ = {
			isa = PBXProject;
			attributes = {
				LastSwiftUpdateCheck = 0820;
				LastUpgradeCheck = 0820;
				ORGANIZATIONNAME = "Juan Luis Flores";
				TargetAttributes = {
					FBE991E81E96B52200CFCA76 = {
						CreatedOnToolsVersion = 8.2;
						ProvisioningStyle = Automatic;
					};
				};
			};
			buildConfigurationList = FBE991E41E96B52200CFCA76 /* Build configuration list for PBXProject "ScrollView2" */;
			compatibilityVersion = "Xcode 3.2";
			developmentRegion = English;
			hasScannedForEncodings = 0;
			knownRegions = (
				en,
				Base,
			);
			mainGroup = FBE991E01E96B52200CFCA76;
			productRefGroup = FBE991EA1E96B52300CFCA76 /* Products */;
			projectDirPath = "";
			projectRoot = "";
			targets = (
				FBE991E81E96B52200CFCA76 /* ScrollView2 */,
			);
		};
/* End PBXProject section */

/* Begin PBXResourcesBuildPhase section */
		FBE991E71E96B52200CFCA76 /* Resources */ = {
			isa = PBXResourcesBuildPhase;
			buildActionMask = 2147483647;
			files = (
				FBE991F71E96B52300CFCA76 /* LaunchScreen.storyboard in Resources */,
				FBE991F41E96B52300CFCA76 /* Assets.xcassets in Resources */,
				FBE991F21E96B52300CFCA76 /* Main.storyboard in Resources */,
			);
			runOnlyForDeploymentPostprocessing = 0;
		};
/* End PBXResourcesBuildPhase section */

/* Begin PBXSourcesBuildPhase section */
		FBE991E51E96B52200CFCA76 /* Sources */ = {
			isa = PBXSourcesBuildPhase;
			buildActionMask = 2147483647;
			files = (
				FBE991EF1E96B52300CFCA76 /* ViewController.swift in Sources */,
				FBE991ED1E96B52300CFCA76 /* AppDelegate.swift in Sources */,
			);
			runOnlyForDeploymentPostprocessing = 0;
		};
/* End PBXSourcesBuildPhase section */

/* Begin PBXVariantGroup section */
		FBE991F01E96B52300CFCA76 /* Main.storyboard */ = {
			isa = PBXVariantGroup;
			children = (
				FBE991F11E96B52300CFCA76 /* Base */,
			);
			name = Main.storyboard;
			sourceTree = "<group>";
		};
		FBE991F51E96B52300CFCA76 /* LaunchScreen.storyboard */ = {
			isa = PBXVariantGroup;
			children = (
				FBE991F61E96B52300CFCA76 /* Base */,
			);
			name = LaunchScreen.storyboard;
			sourceTree = "<group>";
		};
/* End PBXVariantGroup section */

/* Begin XCBuildConfiguration section */
		FBE991F91E96B52300CFCA76 /* Debug */ = {
			isa = XCBuildConfiguration;
			buildSettings = {
				ALWAYS_SEARCH_USER_PATHS = NO;
				CLANG_ANALYZER_NONNULL = YES;
				CLANG_CXX_LANGUAGE_STANDARD = "gnu++0x";
				CLANG_CXX_LIBRARY = "libc++";
				CLANG_ENABLE_MODULES = YES;
				CLANG_ENABLE_OBJC_ARC = YES;
				CLANG_WARN_BOOL_CONVERSION = YES;
				CLANG_WARN_CONSTANT_CONVERSION = YES;
				CLANG_WARN_DIRECT_OBJC_ISA_USAGE = YES_ERROR;
				CLANG_WARN_DOCUMENTATION_COMMENTS = YES;
				CLANG_WARN_EMPTY_BODY = YES;
				CLANG_WARN_ENUM_CONVERSION = YES;
				CLANG_WARN_INFINITE_RECURSION = YES;
				CLANG_WARN_INT_CONVERSION = YES;
				CLANG_WARN_OBJC_ROOT_CLASS = YES_ERROR;
				CLANG_WARN_SUSPICIOUS_MOVE = YES;
				CLANG_WARN_UNREACHABLE_CODE = YES;
				CLANG_WARN__DUPLICATE_METHOD_MATCH = YES;
				"CODE_SIGN_IDENTITY[sdk=iphoneos*]" = "iPhone Developer";
				COPY_PHASE_STRIP = NO;
				DEBUG_INFORMATION_FORMAT = dwarf;
				ENABLE_STRICT_OBJC_MSGSEND = YES;
				ENABLE_TESTABILITY = YES;
				GCC_C_LANGUAGE_STANDARD = gnu99;
				GCC_DYNAMIC_NO_PIC = NO;
				GCC_NO_COMMON_BLOCKS = YES;
				GCC_OPTIMIZATION_LEVEL = 0;
				GCC_PREPROCESSOR_DEFINITIONS = (
					"DEBUG=1",
					"$(inherited)",
				);
				GCC_WARN_64_TO_32_BIT_CONVERSION = YES;
				GCC_WARN_ABOUT_RETURN_TYPE = YES_ERROR;
				GCC_WARN_UNDECLARED_SELECTOR = YES;
				GCC_WARN_UNINITIALIZED_AUTOS = YES_AGGRESSIVE;
				GCC_WARN_UNUSED_FUNCTION = YES;
				GCC_WARN_UNUSED_VARIABLE = YES;
				IPHONEOS_DEPLOYMENT_TARGET = 10.2;
				MTL_ENABLE_DEBUG_INFO = YES;
				ONLY_ACTIVE_ARCH = YES;
				SDKROOT = iphoneos;
				SWIFT_ACTIVE_COMPILATION_CONDITIONS = DEBUG;
				SWIFT_OPTIMIZATION_LEVEL = "-Onone";
			};
			name = Debug;
		};
		FBE991FA1E96B52300CFCA76 /* Release */ = {
			isa = XCBuildConfiguration;
			buildSettings = {
				ALWAYS_SEARCH_USER_PATHS = NO;
				CLANG_ANALYZER_NONNULL = YES;
				CLANG_CXX_LANGUAGE_STANDARD = "gnu++0x";
				CLANG_CXX_LIBRARY = "libc++";
				CLANG_ENABLE_MODULES = YES;
				CLANG_ENABLE_OBJC_ARC = YES;
				CLANG_WARN_BOOL_CONVERSION = YES;
				CLANG_WARN_CONSTANT_CONVERSION = YES;
				CLANG_WARN_DIRECT_OBJC_ISA_USAGE = YES_ERROR;
				CLANG_WARN_DOCUMENTATION_COMMENTS = YES;
				CLANG_WARN_EMPTY_BODY = YES;
				CLANG_WARN_ENUM_CONVERSION = YES;
				CLANG_WARN_INFINITE_RECURSION = YES;
				CLANG_WARN_INT_CONVERSION = YES;
				CLANG_WARN_OBJC_ROOT_CLASS = YES_ERROR;
				CLANG_WARN_SUSPICIOUS_MOVE = YES;
				CLANG_WARN_UNREACHABLE_CODE = YES;
				CLANG_WARN__DUPLICATE_METHOD_MATCH = YES;
				"CODE_SIGN_IDENTITY[sdk=iphoneos*]" = "iPhone Developer";
				COPY_PHASE_STRIP = NO;
				DEBUG_INFORMATION_FORMAT = "dwarf-with-dsym";
				ENABLE_NS_ASSERTIONS = NO;
				ENABLE_STRICT_OBJC_MSGSEND = YES;
				GCC_C_LANGUAGE_STANDARD = gnu99;
				GCC_NO_COMMON_BLOCKS = YES;
				GCC_WARN_64_TO_32_BIT_CONVERSION = YES;
				GCC_WARN_ABOUT_RETURN_TYPE = YES_ERROR;
				GCC_WARN_UNDECLARED_SELECTOR = YES;
				GCC_WARN_UNINITIALIZED_AUTOS = YES_AGGRESSIVE;
				GCC_WARN_UNUSED_FUNCTION = YES;
				GCC_WARN_UNUSED_VARIABLE = YES;
				IPHONEOS_DEPLOYMENT_TARGET = 10.2;
				MTL_ENABLE_DEBUG_INFO = NO;
				SDKROOT = iphoneos;
				SWIFT_OPTIMIZATION_LEVEL = "-Owholemodule";
				VALIDATE_PRODUCT = YES;
			};
			name = Release;
		};
		FBE991FC1E96B52300CFCA76 /* Debug */ = {
			isa = XCBuildConfiguration;
			buildSettings = {
				ASSETCATALOG_COMPILER_APPICON_NAME = AppIcon;
				INFOPLIST_FILE = ScrollView2/Info.plist;
				LD_RUNPATH_SEARCH_PATHS = "$(inherited) @executable_path/Frameworks";
				PRODUCT_BUNDLE_IDENTIFIER = "Juan-Luis-Flores.ScrollView2";
				PRODUCT_NAME = "$(TARGET_NAME)";
				SWIFT_VERSION = 3.0;
			};
			name = Debug;
		};
		FBE991FD1E96B52300CFCA76 /* Release */ = {
			isa = XCBuildConfiguration;
			buildSettings = {
				ASSETCATALOG_COMPILER_APPICON_NAME = AppIcon;
				INFOPLIST_FILE = ScrollView2/Info.plist;
				LD_RUNPATH_SEARCH_PATHS = "$(inherited) @executable_path/Frameworks";
				PRODUCT_BUNDLE_IDENTIFIER = "Juan-Luis-Flores.ScrollView2";
				PRODUCT_NAME = "$(TARGET_NAME)";
				SWIFT_VERSION = 3.0;
			};
			name = Release;
		};
/* End XCBuildConfiguration section */

/* Begin XCConfigurationList section */
		FBE991E41E96B52200CFCA76 /* Build configuration list for PBXProject "ScrollView2" */ = {
			isa = XCConfigurationList;
			buildConfigurations = (
				FBE991F91E96B52300CFCA76 /* Debug */,
				FBE991FA1E96B52300CFCA76 /* Release */,
			);
			defaultConfigurationIsVisible = 0;
			defaultConfigurationName = Release;
		};
		FBE991FB1E96B52300CFCA76 /* Build configuration list for PBXNativeTarget "ScrollView2" */ = {
			isa = XCConfigurationList;
			buildConfigurations = (
				FBE991FC1E96B52300CFCA76 /* Debug */,
				FBE991FD1E96B52300CFCA76 /* Release */,
			);
			defaultConfigurationIsVisible = 0;
		};
/* End XCConfigurationList section */
	};
	rootObject = FBE991E11E96B52200CFCA76 /* Project object */;
}
